
Microsoft Visual Studio Solution File, Format Version 12.00
# Visual Studio Version 16
VisualStudioVersion = 16.0.29503.13
MinimumVisualStudioVersion = 10.0.40219.1
Project("{FAE04EC0-301F-11D3-BF4B-00C04F79EFBC}") = "DominantColoursSearch", "DominantColoursSearch\DominantColoursSearch.csproj", "{71BEB3FB-04AD-4CAB-8767-DC2F4F1AD026}"
EndProject
Global
	GlobalSection(SolutionConfigurationPlatforms) = preSolution
		Debug|Any CPU = Debug|Any CPU
		Release|Any CPU = Release|Any CPU
	EndGlobalSection
	GlobalSection(ProjectConfigurationPlatforms) = postSolution
		{71BEB3FB-04AD-4CAB-8767-DC2F4F1AD026}.Debug|Any CPU.ActiveCfg = Debug|Any CPU
		{71BEB3FB-04AD-4CAB-8767-DC2F4F1AD026}.Debug|Any CPU.Build.0 = Debug|Any CPU
		{71BEB3FB-04AD-4CAB-8767-DC2F4F1AD026}.Release|Any CPU.ActiveCfg = Release|Any CPU
		{71BEB3FB-04AD-4CAB-8767-DC2F4F1AD026}.Release|Any CPU.Build.0 = Release|Any CPU
	EndGlobalSection
	GlobalSection(SolutionProperties) = preSolution
		HideSolutionNode = FALSE
	EndGlobalSection
	GlobalSection(ExtensibilityGlobals) = postSolution
		SolutionGuid = {73E5B0D9-F1B2-4E51-B8EA-162660C49DF4}
	EndGlobalSection
EndGlobal
